
Microsoft Visual Studio Solution File, Format Version 12.00
# Visual Studio 15
VisualStudioVersion = 15.0.26403.7
MinimumVisualStudioVersion = 10.0.40219.1
Project("{FAE04EC0-301F-11D3-BF4B-00C04F79EFBC}") = "NEventStore.EventLoader", "NEventStore.EventLoader\NEventStore.EventLoader.csproj", "{B7F0FAF7-C345-4FAF-B278-EF78C1D8688D}"
EndProject
Global
	GlobalSection(SolutionConfigurationPlatforms) = preSolution
		Debug|Any CPU = Debug|Any CPU
		Release|Any CPU = Release|Any CPU
	EndGlobalSection
	GlobalSection(ProjectConfigurationPlatforms) = postSolution
		{B7F0FAF7-C345-4FAF-B278-EF78C1D8688D}.Debug|Any CPU.ActiveCfg = Debug|Any CPU
		{B7F0FAF7-C345-4FAF-B278-EF78C1D8688D}.Debug|Any CPU.Build.0 = Debug|Any CPU
		{B7F0FAF7-C345-4FAF-B278-EF78C1D8688D}.Release|Any CPU.ActiveCfg = Release|Any CPU
		{B7F0FAF7-C345-4FAF-B278-EF78C1D8688D}.Release|Any CPU.Build.0 = Release|Any CPU
	EndGlobalSection
	GlobalSection(SolutionProperties) = preSolution
		HideSolutionNode = FALSE
	EndGlobalSection
EndGlobal
